{
  "name": "challenge",
  "version": "1.0.0",
  "lockfileVersion": 2,
  "requires": true,
  "packages": {
    "": {
      "name": "challenge",
      "version": "1.0.0",
      "license": "ISC",
      "dependencies": {
        "drange": "^2.0.1"
      }
    },
    "node_modules/drange": {
      "version": "2.0.1",
      "resolved": "https://registry.npmjs.org/drange/-/drange-2.0.1.tgz",
      "integrity": "sha512-s/Gs2VG0zdUXxWz4cK3vcwniF914RKWLNYY6YAVTTLo2HjqsynfUzUcSvNFEdktQXKDbJMKF9wmg67Rv32VhEQ==",
      "engines": {
        "node": ">=6"
      }
    }
  },
  "dependencies": {
    "drange": {
      "version": "2.0.1",
      "resolved": "https://registry.npmjs.org/drange/-/drange-2.0.1.tgz",
      "integrity": "sha512-s/Gs2VG0zdUXxWz4cK3vcwniF914RKWLNYY6YAVTTLo2HjqsynfUzUcSvNFEdktQXKDbJMKF9wmg67Rv32VhEQ=="
    }
  }
}
